
Microsoft Visual Studio Solution File, Format Version 12.00
# Visual Studio Version 16
VisualStudioVersion = 16.0.30001.183
MinimumVisualStudioVersion = 10.0.40219.1
Project("{9A19103F-16F7-4668-BE54-9A1E7A4F7556}") = "BankOfDotNet.API", "src\BankOfDotNet.API\BankOfDotNet.API.csproj", "{9F43F32C-D958-4970-8838-E9E422E04C16}"
EndProject
Project("{9A19103F-16F7-4668-BE54-9A1E7A4F7556}") = "BankOfDotNet.IdentitySrv", "src\BankOfDotNet.IdentitySrv\BankOfDotNet.IdentitySrv.csproj", "{F77F5A6B-3503-4753-98F4-6E184E3524B0}"
EndProject
Project("{9A19103F-16F7-4668-BE54-9A1E7A4F7556}") = "BankOfDotNet.ConsoleClient", "src\BankOfDotNet.ConsoleClient\BankOfDotNet.ConsoleClient.csproj", "{967F9235-37B0-4C68-AA12-EDD7A3E2C0F6}"
EndProject
Project("{2150E333-8FDC-42A3-9474-1A3956D46DE8}") = "docs", "docs", "{B6D9ACD9-BD1F-4F31-A82F-F439493A2572}"
	ProjectSection(SolutionItems) = preProject
		GrantTypeNotes.txt = GrantTypeNotes.txt
		IdentityServer4DbContextMigration.txt = IdentityServer4DbContextMigration.txt
	EndProjectSection
EndProject
Project("{FAE04EC0-301F-11D3-BF4B-00C04F79EFBC}") = "BankOfDotNet.MvcClient", "src\BankOfDotNet.MvcClient\BankOfDotNet.MvcClient.csproj", "{9B4E7552-FDC4-4400-83FB-BB378D3A2D0C}"
EndProject
Global
	GlobalSection(SolutionConfigurationPlatforms) = preSolution
		Debug|Any CPU = Debug|Any CPU
		Release|Any CPU = Release|Any CPU
	EndGlobalSection
	GlobalSection(ProjectConfigurationPlatforms) = postSolution
		{9F43F32C-D958-4970-8838-E9E422E04C16}.Debug|Any CPU.ActiveCfg = Debug|Any CPU
		{9F43F32C-D958-4970-8838-E9E422E04C16}.Debug|Any CPU.Build.0 = Debug|Any CPU
		{9F43F32C-D958-4970-8838-E9E422E04C16}.Release|Any CPU.ActiveCfg = Release|Any CPU
		{9F43F32C-D958-4970-8838-E9E422E04C16}.Release|Any CPU.Build.0 = Release|Any CPU
		{F77F5A6B-3503-4753-98F4-6E184E3524B0}.Debug|Any CPU.ActiveCfg = Debug|Any CPU
		{F77F5A6B-3503-4753-98F4-6E184E3524B0}.Debug|Any CPU.Build.0 = Debug|Any CPU
		{F77F5A6B-3503-4753-98F4-6E184E3524B0}.Release|Any CPU.ActiveCfg = Release|Any CPU
		{F77F5A6B-3503-4753-98F4-6E184E3524B0}.Release|Any CPU.Build.0 = Release|Any CPU
		{967F9235-37B0-4C68-AA12-EDD7A3E2C0F6}.Debug|Any CPU.ActiveCfg = Debug|Any CPU
		{967F9235-37B0-4C68-AA12-EDD7A3E2C0F6}.Debug|Any CPU.Build.0 = Debug|Any CPU
		{967F9235-37B0-4C68-AA12-EDD7A3E2C0F6}.Release|Any CPU.ActiveCfg = Release|Any CPU
		{967F9235-37B0-4C68-AA12-EDD7A3E2C0F6}.Release|Any CPU.Build.0 = Release|Any CPU
		{9B4E7552-FDC4-4400-83FB-BB378D3A2D0C}.Debug|Any CPU.ActiveCfg = Debug|Any CPU
		{9B4E7552-FDC4-4400-83FB-BB378D3A2D0C}.Debug|Any CPU.Build.0 = Debug|Any CPU
		{9B4E7552-FDC4-4400-83FB-BB378D3A2D0C}.Release|Any CPU.ActiveCfg = Release|Any CPU
		{9B4E7552-FDC4-4400-83FB-BB378D3A2D0C}.Release|Any CPU.Build.0 = Release|Any CPU
	EndGlobalSection
	GlobalSection(SolutionProperties) = preSolution
		HideSolutionNode = FALSE
	EndGlobalSection
	GlobalSection(ExtensibilityGlobals) = postSolution
		SolutionGuid = {46D2D397-886D-4B5A-9418-3B027305318F}
	EndGlobalSection
EndGlobal
