
Microsoft Visual Studio Solution File, Format Version 12.00
# Visual Studio Version 16
VisualStudioVersion = 16.0.30001.183
MinimumVisualStudioVersion = 10.0.40219.1
Project("{FAE04EC0-301F-11D3-BF4B-00C04F79EFBC}") = "BankOfDotNet.API", "src\BankOfDotNet.API\BankOfDotNet.API.csproj", "{9F43F32C-D958-4970-8838-E9E422E04C16}"
EndProject
Project("{FAE04EC0-301F-11D3-BF4B-00C04F79EFBC}") = "BankOfDotNet.IdentitySrv", "src\BankOfDotNet.IdentitySrv\BankOfDotNet.IdentitySrv.csproj", "{F77F5A6B-3503-4753-98F4-6E184E3524B0}"
EndProject
Project("{FAE04EC0-301F-11D3-BF4B-00C04F79EFBC}") = "BankOfDotNet.ConsoleClient", "src\BankOfDotNet.ConsoleClient\BankOfDotNet.ConsoleClient.csproj", "{967F9235-37B0-4C68-AA12-EDD7A3E2C0F6}"
EndProject
Global
	GlobalSection(SolutionConfigurationPlatforms) = preSolution
		Debug|Any CPU = Debug|Any CPU
		Release|Any CPU = Release|Any CPU
	EndGlobalSection
	GlobalSection(ProjectConfigurationPlatforms) = postSolution
		{9F43F32C-D958-4970-8838-E9E422E04C16}.Debug|Any CPU.ActiveCfg = Debug|Any CPU
		{9F43F32C-D958-4970-8838-E9E422E04C16}.Debug|Any CPU.Build.0 = Debug|Any CPU
		{9F43F32C-D958-4970-8838-E9E422E04C16}.Release|Any CPU.ActiveCfg = Release|Any CPU
		{9F43F32C-D958-4970-8838-E9E422E04C16}.Release|Any CPU.Build.0 = Release|Any CPU
		{F77F5A6B-3503-4753-98F4-6E184E3524B0}.Debug|Any CPU.ActiveCfg = Debug|Any CPU
		{F77F5A6B-3503-4753-98F4-6E184E3524B0}.Debug|Any CPU.Build.0 = Debug|Any CPU
		{F77F5A6B-3503-4753-98F4-6E184E3524B0}.Release|Any CPU.ActiveCfg = Release|Any CPU
		{F77F5A6B-3503-4753-98F4-6E184E3524B0}.Release|Any CPU.Build.0 = Release|Any CPU
		{967F9235-37B0-4C68-AA12-EDD7A3E2C0F6}.Debug|Any CPU.ActiveCfg = Debug|Any CPU
		{967F9235-37B0-4C68-AA12-EDD7A3E2C0F6}.Debug|Any CPU.Build.0 = Debug|Any CPU
		{967F9235-37B0-4C68-AA12-EDD7A3E2C0F6}.Release|Any CPU.ActiveCfg = Release|Any CPU
		{967F9235-37B0-4C68-AA12-EDD7A3E2C0F6}.Release|Any CPU.Build.0 = Release|Any CPU
	EndGlobalSection
	GlobalSection(SolutionProperties) = preSolution
		HideSolutionNode = FALSE
	EndGlobalSection
	GlobalSection(ExtensibilityGlobals) = postSolution
		SolutionGuid = {46D2D397-886D-4B5A-9418-3B027305318F}
	EndGlobalSection
EndGlobal
